
Microsoft Visual Studio Solution File, Format Version 12.00
# Visual Studio 2012
Project("{FAE04EC0-301F-11D3-BF4B-00C04F79EFBC}") = "ti4Scorepad", "ti4Scorepad.csproj", "{354DC21C-40FB-4CB3-9A46-215175C3E6F2}"
EndProject
Global
	GlobalSection(SolutionConfigurationPlatforms) = preSolution
		Debug|Any CPU = Debug|Any CPU
		Release|Any CPU = Release|Any CPU
	EndGlobalSection
	GlobalSection(ProjectConfigurationPlatforms) = postSolution
		{354DC21C-40FB-4CB3-9A46-215175C3E6F2}.Debug|Any CPU.ActiveCfg = Debug|Any CPU
		{354DC21C-40FB-4CB3-9A46-215175C3E6F2}.Debug|Any CPU.Build.0 = Debug|Any CPU
		{354DC21C-40FB-4CB3-9A46-215175C3E6F2}.Release|Any CPU.ActiveCfg = Release|Any CPU
		{354DC21C-40FB-4CB3-9A46-215175C3E6F2}.Release|Any CPU.Build.0 = Release|Any CPU
	EndGlobalSection
	GlobalSection(SolutionProperties) = preSolution
		HideSolutionNode = FALSE
	EndGlobalSection
EndGlobal
